
Microsoft Visual Studio Solution File, Format Version 12.00
# Visual Studio Version 16
VisualStudioVersion = 16.0.29709.97
MinimumVisualStudioVersion = 10.0.40219.1
Project("{FAE04EC0-301F-11D3-BF4B-00C04F79EFBC}") = "ColorizationPPT", "Colorization\ColorizationPPT.csproj", "{F7BBD087-4059-4413-BFE2-E5A389A36F7C}"
	ProjectSection(ProjectDependencies) = postProject
		{FF793611-8430-4B94-82EE-BAE5BFED155D} = {FF793611-8430-4B94-82EE-BAE5BFED155D}
	EndProjectSection
EndProject
Project("{9A19103F-16F7-4668-BE54-9A1E7A4F7556}") = "ColorLib", "ColorLib\ColorLib.csproj", "{1CAACC00-1139-4FAD-8B01-59F74845932C}"
EndProject
Project("{FAE04EC0-301F-11D3-BF4B-00C04F79EFBC}") = "ConsoleApp - Test", "ConsoleApp - Test\ConsoleApp - Test.csproj", "{D98A332D-255B-4ABC-9FAD-387071BC3C28}"
	ProjectSection(ProjectDependencies) = postProject
		{1CAACC00-1139-4FAD-8B01-59F74845932C} = {1CAACC00-1139-4FAD-8B01-59F74845932C}
	EndProjectSection
EndProject
Project("{FAE04EC0-301F-11D3-BF4B-00C04F79EFBC}") = "ColorLibTest", "ColorLibTest\ColorLibTest.csproj", "{44E3A15E-CC4C-4A8A-B03F-CA84C0ACD275}"
	ProjectSection(ProjectDependencies) = postProject
		{1CAACC00-1139-4FAD-8B01-59F74845932C} = {1CAACC00-1139-4FAD-8B01-59F74845932C}
	EndProjectSection
EndProject
Project("{FAE04EC0-301F-11D3-BF4B-00C04F79EFBC}") = "TestForms", "TestForms\TestForms.csproj", "{A1DDEC99-A7E6-454F-899D-413693FB1496}"
	ProjectSection(ProjectDependencies) = postProject
		{1CAACC00-1139-4FAD-8B01-59F74845932C} = {1CAACC00-1139-4FAD-8B01-59F74845932C}
		{FF793611-8430-4B94-82EE-BAE5BFED155D} = {FF793611-8430-4B94-82EE-BAE5BFED155D}
	EndProjectSection
EndProject
Project("{FAE04EC0-301F-11D3-BF4B-00C04F79EFBC}") = "ColorizationControls", "ColorizationControls\ColorizationControls.csproj", "{FF793611-8430-4B94-82EE-BAE5BFED155D}"
	ProjectSection(ProjectDependencies) = postProject
		{1CAACC00-1139-4FAD-8B01-59F74845932C} = {1CAACC00-1139-4FAD-8B01-59F74845932C}
	EndProjectSection
EndProject
Project("{FAE04EC0-301F-11D3-BF4B-00C04F79EFBC}") = "ColorizationWord", "ColorizationWord\ColorizationWord.csproj", "{DB00A780-D368-46B5-AC93-A40E886A3263}"
	ProjectSection(ProjectDependencies) = postProject
		{1CAACC00-1139-4FAD-8B01-59F74845932C} = {1CAACC00-1139-4FAD-8B01-59F74845932C}
		{FF793611-8430-4B94-82EE-BAE5BFED155D} = {FF793611-8430-4B94-82EE-BAE5BFED155D}
		{F7BBD087-4059-4413-BFE2-E5A389A36F7C} = {F7BBD087-4059-4413-BFE2-E5A389A36F7C}
	EndProjectSection
EndProject
Global
	GlobalSection(SolutionConfigurationPlatforms) = preSolution
		Debug|Any CPU = Debug|Any CPU
		Debug|x64 = Debug|x64
		Debug|x86 = Debug|x86
		Release|Any CPU = Release|Any CPU
		Release|x64 = Release|x64
		Release|x86 = Release|x86
	EndGlobalSection
	GlobalSection(ProjectConfigurationPlatforms) = postSolution
		{F7BBD087-4059-4413-BFE2-E5A389A36F7C}.Debug|Any CPU.ActiveCfg = Debug|Any CPU
		{F7BBD087-4059-4413-BFE2-E5A389A36F7C}.Debug|Any CPU.Build.0 = Debug|Any CPU
		{F7BBD087-4059-4413-BFE2-E5A389A36F7C}.Debug|x64.ActiveCfg = Debug|Any CPU
		{F7BBD087-4059-4413-BFE2-E5A389A36F7C}.Debug|x64.Build.0 = Debug|Any CPU
		{F7BBD087-4059-4413-BFE2-E5A389A36F7C}.Debug|x86.ActiveCfg = Debug|Any CPU
		{F7BBD087-4059-4413-BFE2-E5A389A36F7C}.Debug|x86.Build.0 = Debug|Any CPU
		{F7BBD087-4059-4413-BFE2-E5A389A36F7C}.Release|Any CPU.ActiveCfg = Release|Any CPU
		{F7BBD087-4059-4413-BFE2-E5A389A36F7C}.Release|Any CPU.Build.0 = Release|Any CPU
		{F7BBD087-4059-4413-BFE2-E5A389A36F7C}.Release|x64.ActiveCfg = Release|Any CPU
		{F7BBD087-4059-4413-BFE2-E5A389A36F7C}.Release|x64.Build.0 = Release|Any CPU
		{F7BBD087-4059-4413-BFE2-E5A389A36F7C}.Release|x86.ActiveCfg = Release|Any CPU
		{F7BBD087-4059-4413-BFE2-E5A389A36F7C}.Release|x86.Build.0 = Release|Any CPU
		{1CAACC00-1139-4FAD-8B01-59F74845932C}.Debug|Any CPU.ActiveCfg = Debug|Any CPU
		{1CAACC00-1139-4FAD-8B01-59F74845932C}.Debug|Any CPU.Build.0 = Debug|Any CPU
		{1CAACC00-1139-4FAD-8B01-59F74845932C}.Debug|x64.ActiveCfg = Debug|Any CPU
		{1CAACC00-1139-4FAD-8B01-59F74845932C}.Debug|x64.Build.0 = Debug|Any CPU
		{1CAACC00-1139-4FAD-8B01-59F74845932C}.Debug|x86.ActiveCfg = Debug|Any CPU
		{1CAACC00-1139-4FAD-8B01-59F74845932C}.Debug|x86.Build.0 = Debug|Any CPU
		{1CAACC00-1139-4FAD-8B01-59F74845932C}.Release|Any CPU.ActiveCfg = Release|Any CPU
		{1CAACC00-1139-4FAD-8B01-59F74845932C}.Release|Any CPU.Build.0 = Release|Any CPU
		{1CAACC00-1139-4FAD-8B01-59F74845932C}.Release|x64.ActiveCfg = Release|Any CPU
		{1CAACC00-1139-4FAD-8B01-59F74845932C}.Release|x64.Build.0 = Release|Any CPU
		{1CAACC00-1139-4FAD-8B01-59F74845932C}.Release|x86.ActiveCfg = Release|Any CPU
		{1CAACC00-1139-4FAD-8B01-59F74845932C}.Release|x86.Build.0 = Release|Any CPU
		{D98A332D-255B-4ABC-9FAD-387071BC3C28}.Debug|Any CPU.ActiveCfg = Debug|Any CPU
		{D98A332D-255B-4ABC-9FAD-387071BC3C28}.Debug|Any CPU.Build.0 = Debug|Any CPU
		{D98A332D-255B-4ABC-9FAD-387071BC3C28}.Debug|x64.ActiveCfg = Debug|Any CPU
		{D98A332D-255B-4ABC-9FAD-387071BC3C28}.Debug|x64.Build.0 = Debug|Any CPU
		{D98A332D-255B-4ABC-9FAD-387071BC3C28}.Debug|x86.ActiveCfg = Debug|Any CPU
		{D98A332D-255B-4ABC-9FAD-387071BC3C28}.Debug|x86.Build.0 = Debug|Any CPU
		{D98A332D-255B-4ABC-9FAD-387071BC3C28}.Release|Any CPU.ActiveCfg = Release|Any CPU
		{D98A332D-255B-4ABC-9FAD-387071BC3C28}.Release|Any CPU.Build.0 = Release|Any CPU
		{D98A332D-255B-4ABC-9FAD-387071BC3C28}.Release|x64.ActiveCfg = Release|Any CPU
		{D98A332D-255B-4ABC-9FAD-387071BC3C28}.Release|x64.Build.0 = Release|Any CPU
		{D98A332D-255B-4ABC-9FAD-387071BC3C28}.Release|x86.ActiveCfg = Release|Any CPU
		{D98A332D-255B-4ABC-9FAD-387071BC3C28}.Release|x86.Build.0 = Release|Any CPU
		{44E3A15E-CC4C-4A8A-B03F-CA84C0ACD275}.Debug|Any CPU.ActiveCfg = Debug|Any CPU
		{44E3A15E-CC4C-4A8A-B03F-CA84C0ACD275}.Debug|Any CPU.Build.0 = Debug|Any CPU
		{44E3A15E-CC4C-4A8A-B03F-CA84C0ACD275}.Debug|x64.ActiveCfg = Debug|Any CPU
		{44E3A15E-CC4C-4A8A-B03F-CA84C0ACD275}.Debug|x64.Build.0 = Debug|Any CPU
		{44E3A15E-CC4C-4A8A-B03F-CA84C0ACD275}.Debug|x86.ActiveCfg = Debug|Any CPU
		{44E3A15E-CC4C-4A8A-B03F-CA84C0ACD275}.Debug|x86.Build.0 = Debug|Any CPU
		{44E3A15E-CC4C-4A8A-B03F-CA84C0ACD275}.Release|Any CPU.ActiveCfg = Release|Any CPU
		{44E3A15E-CC4C-4A8A-B03F-CA84C0ACD275}.Release|Any CPU.Build.0 = Release|Any CPU
		{44E3A15E-CC4C-4A8A-B03F-CA84C0ACD275}.Release|x64.ActiveCfg = Release|Any CPU
		{44E3A15E-CC4C-4A8A-B03F-CA84C0ACD275}.Release|x64.Build.0 = Release|Any CPU
		{44E3A15E-CC4C-4A8A-B03F-CA84C0ACD275}.Release|x86.ActiveCfg = Release|Any CPU
		{44E3A15E-CC4C-4A8A-B03F-CA84C0ACD275}.Release|x86.Build.0 = Release|Any CPU
		{A1DDEC99-A7E6-454F-899D-413693FB1496}.Debug|Any CPU.ActiveCfg = Debug|Any CPU
		{A1DDEC99-A7E6-454F-899D-413693FB1496}.Debug|Any CPU.Build.0 = Debug|Any CPU
		{A1DDEC99-A7E6-454F-899D-413693FB1496}.Debug|x64.ActiveCfg = Debug|Any CPU
		{A1DDEC99-A7E6-454F-899D-413693FB1496}.Debug|x64.Build.0 = Debug|Any CPU
		{A1DDEC99-A7E6-454F-899D-413693FB1496}.Debug|x86.ActiveCfg = Debug|Any CPU
		{A1DDEC99-A7E6-454F-899D-413693FB1496}.Debug|x86.Build.0 = Debug|Any CPU
		{A1DDEC99-A7E6-454F-899D-413693FB1496}.Release|Any CPU.ActiveCfg = Release|Any CPU
		{A1DDEC99-A7E6-454F-899D-413693FB1496}.Release|Any CPU.Build.0 = Release|Any CPU
		{A1DDEC99-A7E6-454F-899D-413693FB1496}.Release|x64.ActiveCfg = Release|Any CPU
		{A1DDEC99-A7E6-454F-899D-413693FB1496}.Release|x64.Build.0 = Release|Any CPU
		{A1DDEC99-A7E6-454F-899D-413693FB1496}.Release|x86.ActiveCfg = Release|Any CPU
		{A1DDEC99-A7E6-454F-899D-413693FB1496}.Release|x86.Build.0 = Release|Any CPU
		{FF793611-8430-4B94-82EE-BAE5BFED155D}.Debug|Any CPU.ActiveCfg = Debug|Any CPU
		{FF793611-8430-4B94-82EE-BAE5BFED155D}.Debug|Any CPU.Build.0 = Debug|Any CPU
		{FF793611-8430-4B94-82EE-BAE5BFED155D}.Debug|x64.ActiveCfg = Debug|Any CPU
		{FF793611-8430-4B94-82EE-BAE5BFED155D}.Debug|x64.Build.0 = Debug|Any CPU
		{FF793611-8430-4B94-82EE-BAE5BFED155D}.Debug|x86.ActiveCfg = Debug|Any CPU
		{FF793611-8430-4B94-82EE-BAE5BFED155D}.Debug|x86.Build.0 = Debug|Any CPU
		{FF793611-8430-4B94-82EE-BAE5BFED155D}.Release|Any CPU.ActiveCfg = Release|Any CPU
		{FF793611-8430-4B94-82EE-BAE5BFED155D}.Release|Any CPU.Build.0 = Release|Any CPU
		{FF793611-8430-4B94-82EE-BAE5BFED155D}.Release|x64.ActiveCfg = Release|Any CPU
		{FF793611-8430-4B94-82EE-BAE5BFED155D}.Release|x64.Build.0 = Release|Any CPU
		{FF793611-8430-4B94-82EE-BAE5BFED155D}.Release|x86.ActiveCfg = Release|Any CPU
		{FF793611-8430-4B94-82EE-BAE5BFED155D}.Release|x86.Build.0 = Release|Any CPU
		{DB00A780-D368-46B5-AC93-A40E886A3263}.Debug|Any CPU.ActiveCfg = Debug|Any CPU
		{DB00A780-D368-46B5-AC93-A40E886A3263}.Debug|Any CPU.Build.0 = Debug|Any CPU
		{DB00A780-D368-46B5-AC93-A40E886A3263}.Debug|x64.ActiveCfg = Debug|Any CPU
		{DB00A780-D368-46B5-AC93-A40E886A3263}.Debug|x64.Build.0 = Debug|Any CPU
		{DB00A780-D368-46B5-AC93-A40E886A3263}.Debug|x86.ActiveCfg = Debug|Any CPU
		{DB00A780-D368-46B5-AC93-A40E886A3263}.Debug|x86.Build.0 = Debug|Any CPU
		{DB00A780-D368-46B5-AC93-A40E886A3263}.Release|Any CPU.ActiveCfg = Release|Any CPU
		{DB00A780-D368-46B5-AC93-A40E886A3263}.Release|Any CPU.Build.0 = Release|Any CPU
		{DB00A780-D368-46B5-AC93-A40E886A3263}.Release|x64.ActiveCfg = Release|Any CPU
		{DB00A780-D368-46B5-AC93-A40E886A3263}.Release|x64.Build.0 = Release|Any CPU
		{DB00A780-D368-46B5-AC93-A40E886A3263}.Release|x86.ActiveCfg = Release|Any CPU
		{DB00A780-D368-46B5-AC93-A40E886A3263}.Release|x86.Build.0 = Release|Any CPU
	EndGlobalSection
	GlobalSection(SolutionProperties) = preSolution
		HideSolutionNode = FALSE
	EndGlobalSection
	GlobalSection(ExtensibilityGlobals) = postSolution
		SolutionGuid = {F42A41B1-FD50-40FA-B5AE-2A2A6C70ECBC}
	EndGlobalSection
EndGlobal
